
Microsoft Visual Studio Solution File, Format Version 12.00
# Visual Studio Version 16
VisualStudioVersion = 16.0.29009.5
MinimumVisualStudioVersion = 10.0.40219.1
Project("{FAE04EC0-301F-11D3-BF4B-00C04F79EFBC}") = "Site", "Site\Site.csproj", "{A21C0471-6CF3-41BA-B7F5-BF6A122290F3}"
EndProject
Project("{FAE04EC0-301F-11D3-BF4B-00C04F79EFBC}") = "Core", "Core\Core.csproj", "{0E850862-826C-4494-889E-FA8423C35AD7}"
EndProject
Project("{FAE04EC0-301F-11D3-BF4B-00C04F79EFBC}") = "Domain", "Domain\Domain.csproj", "{6F2F7A46-679A-4C57-9843-C8407924BAA5}"
EndProject
Project("{FAE04EC0-301F-11D3-BF4B-00C04F79EFBC}") = "Infrastructure", "Infrastructure\Infrastructure.csproj", "{5DD1AE33-39B5-47C5-BCCC-50B602CDDE53}"
EndProject
Project("{FAE04EC0-301F-11D3-BF4B-00C04F79EFBC}") = "WebApi", "WebApi\WebApi.csproj", "{4F1CCAA2-D87F-4A48-A4F2-EC525744F26A}"
EndProject
Project("{FAE04EC0-301F-11D3-BF4B-00C04F79EFBC}") = "SchedulerService", "SchedulerService\SchedulerService.csproj", "{DC0B9C06-F5E0-475A-B97D-7AC21CA7A116}"
EndProject
Global
	GlobalSection(SolutionConfigurationPlatforms) = preSolution
		Debug|Any CPU = Debug|Any CPU
		Release|Any CPU = Release|Any CPU
	EndGlobalSection
	GlobalSection(ProjectConfigurationPlatforms) = postSolution
		{A21C0471-6CF3-41BA-B7F5-BF6A122290F3}.Debug|Any CPU.ActiveCfg = Debug|Any CPU
		{A21C0471-6CF3-41BA-B7F5-BF6A122290F3}.Debug|Any CPU.Build.0 = Debug|Any CPU
		{A21C0471-6CF3-41BA-B7F5-BF6A122290F3}.Release|Any CPU.ActiveCfg = Release|Any CPU
		{A21C0471-6CF3-41BA-B7F5-BF6A122290F3}.Release|Any CPU.Build.0 = Release|Any CPU
		{0E850862-826C-4494-889E-FA8423C35AD7}.Debug|Any CPU.ActiveCfg = Debug|Any CPU
		{0E850862-826C-4494-889E-FA8423C35AD7}.Debug|Any CPU.Build.0 = Debug|Any CPU
		{0E850862-826C-4494-889E-FA8423C35AD7}.Release|Any CPU.ActiveCfg = Release|Any CPU
		{0E850862-826C-4494-889E-FA8423C35AD7}.Release|Any CPU.Build.0 = Release|Any CPU
		{6F2F7A46-679A-4C57-9843-C8407924BAA5}.Debug|Any CPU.ActiveCfg = Debug|Any CPU
		{6F2F7A46-679A-4C57-9843-C8407924BAA5}.Debug|Any CPU.Build.0 = Debug|Any CPU
		{6F2F7A46-679A-4C57-9843-C8407924BAA5}.Release|Any CPU.ActiveCfg = Release|Any CPU
		{6F2F7A46-679A-4C57-9843-C8407924BAA5}.Release|Any CPU.Build.0 = Release|Any CPU
		{5DD1AE33-39B5-47C5-BCCC-50B602CDDE53}.Debug|Any CPU.ActiveCfg = Debug|Any CPU
		{5DD1AE33-39B5-47C5-BCCC-50B602CDDE53}.Debug|Any CPU.Build.0 = Debug|Any CPU
		{5DD1AE33-39B5-47C5-BCCC-50B602CDDE53}.Release|Any CPU.ActiveCfg = Release|Any CPU
		{5DD1AE33-39B5-47C5-BCCC-50B602CDDE53}.Release|Any CPU.Build.0 = Release|Any CPU
		{4F1CCAA2-D87F-4A48-A4F2-EC525744F26A}.Debug|Any CPU.ActiveCfg = Debug|Any CPU
		{4F1CCAA2-D87F-4A48-A4F2-EC525744F26A}.Debug|Any CPU.Build.0 = Debug|Any CPU
		{4F1CCAA2-D87F-4A48-A4F2-EC525744F26A}.Release|Any CPU.ActiveCfg = Release|Any CPU
		{4F1CCAA2-D87F-4A48-A4F2-EC525744F26A}.Release|Any CPU.Build.0 = Release|Any CPU
		{DC0B9C06-F5E0-475A-B97D-7AC21CA7A116}.Debug|Any CPU.ActiveCfg = Debug|Any CPU
		{DC0B9C06-F5E0-475A-B97D-7AC21CA7A116}.Debug|Any CPU.Build.0 = Debug|Any CPU
		{DC0B9C06-F5E0-475A-B97D-7AC21CA7A116}.Release|Any CPU.ActiveCfg = Release|Any CPU
		{DC0B9C06-F5E0-475A-B97D-7AC21CA7A116}.Release|Any CPU.Build.0 = Release|Any CPU
	EndGlobalSection
	GlobalSection(SolutionProperties) = preSolution
		HideSolutionNode = FALSE
	EndGlobalSection
	GlobalSection(ExtensibilityGlobals) = postSolution
		SolutionGuid = {08420B7E-A0B5-4BDA-AADD-2DF0FB4DD15A}
	EndGlobalSection
EndGlobal
